
Microsoft Visual Studio Solution File, Format Version 12.00
# Visual Studio Version 17
VisualStudioVersion = 17.0.31903.59
MinimumVisualStudioVersion = 10.0.40219.1
Project("{9A19103F-16F7-4668-BE54-9A1E7A4F7556}") = "MonoGame.Framework.Native", "MonoGame.Framework\MonoGame.Framework.Native.csproj", "{56BA741D-6AF1-489B-AB00-338DE11B1D32}"
EndProject
Project("{2150E333-8FDC-42A3-9474-1A3956D46DE8}") = "Tools", "Tools", "{65B3DC17-24BA-4C39-810F-E371AC48199A}"
EndProject
Project("{9A19103F-16F7-4668-BE54-9A1E7A4F7556}") = "MonoGame.Generator.CTypes", "Tools\MonoGame.Generator.CTypes\MonoGame.Generator.CTypes.csproj", "{74F12E34-D96B-4EC1-A218-BAFC83DC6220}"
EndProject
Project("{9A19103F-16F7-4668-BE54-9A1E7A4F7556}") = "MonoGame.Tests.DesktopVK", "Tests\MonoGame.Tests.DesktopVK.csproj", "{C670BF60-56F7-493F-B5DD-50F97DB80A04}"
	ProjectSection(ProjectDependencies) = postProject
		{60D6243F-CC40-D9B5-157F-8A5B8128B70A} = {60D6243F-CC40-D9B5-157F-8A5B8128B70A}
	EndProjectSection
EndProject
Project("{8BC9CEB8-8B4A-11D0-8D11-00A0C91BC942}") = "desktopvk", "native\monogame\desktopvk.vcxproj", "{60D6243F-CC40-D9B5-157F-8A5B8128B70A}"
EndProject
Project("{8BC9CEB8-8B4A-11D0-8D11-00A0C91BC942}") = "windowsdx", "native\monogame\windowsdx.vcxproj", "{CC33DB03-389E-8F7A-81DC-4020ED856DCF}"
EndProject
Project("{FAE04EC0-301F-11D3-BF4B-00C04F79EFBC}") = "MonoGame.Tests.WindowsDX12", "Tests\MonoGame.Tests.WindowsDX12.csproj", "{DED1AF6C-E641-F89A-7E42-9A6DD07424A5}"
	ProjectSection(ProjectDependencies) = postProject
		{CC33DB03-389E-8F7A-81DC-4020ED856DCF} = {CC33DB03-389E-8F7A-81DC-4020ED856DCF}
	EndProjectSection
EndProject
Project("{2150E333-8FDC-42A3-9474-1A3956D46DE8}") = "Tests", "Tests", "{0AB3BF05-4346-4AA6-1389-037BE0695223}"
EndProject
Project("{FAE04EC0-301F-11D3-BF4B-00C04F79EFBC}") = "MonoGame.Tests.DesktopNativeGL", "Tests\MonoGame.Tests.DesktopNativeGL.csproj", "{701E91A7-8A33-47BE-A173-A0006294AEF9}"
EndProject
Project("{2150E333-8FDC-42A3-9474-1A3956D46DE8}") = "MonoGame.Framework", "MonoGame.Framework", "{78D0482A-A7F1-654C-783E-292B9DC33CDF}"
EndProject
Project("{2150E333-8FDC-42A3-9474-1A3956D46DE8}") = "src", "src", "{827E0CD3-B72D-47B6-A68D-7590B98EB39B}"
EndProject
Project("{2150E333-8FDC-42A3-9474-1A3956D46DE8}") = "NuGetPackages", "NuGetPackages", "{96A393A9-0917-1757-A07B-F8C61A300A0E}"
EndProject
Project("{FAE04EC0-301F-11D3-BF4B-00C04F79EFBC}") = "MonoGame.Framework.Native.OpenGL", "src\NuGetPackages\MonoGame.Framework.Native.OpenGL\MonoGame.Framework.Native.OpenGL.csproj", "{0063428D-1F0E-4AFC-93CD-B90E457557BE}"
EndProject
Project("{FAE04EC0-301F-11D3-BF4B-00C04F79EFBC}") = "MonoGame.Runtime.Mac.OpenGL", "src\NuGetPackages\MonoGame.Runtime.Mac.OpenGL\MonoGame.Runtime.Mac.OpenGL.csproj", "{B3ED445C-AE01-4B3B-A9C9-7E7F2D347878}"
EndProject
Project("{FAE04EC0-301F-11D3-BF4B-00C04F79EFBC}") = "MonoGame.Runtime.Windows.OpenGL", "src\NuGetPackages\MonoGame.Runtime.Windows.OpenGL\MonoGame.Runtime.Windows.OpenGL.csproj", "{C95BFF4C-BEB7-49B5-AED6-AC582BD140F2}"
EndProject
Project("{FAE04EC0-301F-11D3-BF4B-00C04F79EFBC}") = "MonoGame.Runtime.Linux.OpenGL", "src\NuGetPackages\MonoGame.Runtime.Linux.OpenGL\MonoGame.Runtime.Linux.OpenGL.csproj", "{AE167184-E46F-4914-94E0-E56215FE1994}"
EndProject
Global
	GlobalSection(SolutionConfigurationPlatforms) = preSolution
		Debug_VK|Any CPU = Debug_VK|Any CPU
		Debug_VK|ARM64 = Debug_VK|ARM64
		Debug_VK|x64 = Debug_VK|x64
		Debug_VK|x86 = Debug_VK|x86
		Debug|Any CPU = Debug|Any CPU
		Debug|ARM64 = Debug|ARM64
		Debug|x64 = Debug|x64
		Debug|x86 = Debug|x86
		Release_VK|Any CPU = Release_VK|Any CPU
		Release_VK|ARM64 = Release_VK|ARM64
		Release_VK|x64 = Release_VK|x64
		Release_VK|x86 = Release_VK|x86
		Release|Any CPU = Release|Any CPU
		Release|ARM64 = Release|ARM64
		Release|x64 = Release|x64
		Release|x86 = Release|x86
	EndGlobalSection
	GlobalSection(ProjectConfigurationPlatforms) = postSolution
		{56BA741D-6AF1-489B-AB00-338DE11B1D32}.Debug_VK|Any CPU.ActiveCfg = Debug|Any CPU
		{56BA741D-6AF1-489B-AB00-338DE11B1D32}.Debug_VK|Any CPU.Build.0 = Debug|Any CPU
		{56BA741D-6AF1-489B-AB00-338DE11B1D32}.Debug_VK|ARM64.ActiveCfg = Debug|Any CPU
		{56BA741D-6AF1-489B-AB00-338DE11B1D32}.Debug_VK|ARM64.Build.0 = Debug|Any CPU
		{56BA741D-6AF1-489B-AB00-338DE11B1D32}.Debug_VK|x64.ActiveCfg = Debug|Any CPU
		{56BA741D-6AF1-489B-AB00-338DE11B1D32}.Debug_VK|x64.Build.0 = Debug|Any CPU
		{56BA741D-6AF1-489B-AB00-338DE11B1D32}.Debug_VK|x86.ActiveCfg = Debug_VK|Any CPU
		{56BA741D-6AF1-489B-AB00-338DE11B1D32}.Debug_VK|x86.Build.0 = Debug_VK|Any CPU
		{56BA741D-6AF1-489B-AB00-338DE11B1D32}.Debug|Any CPU.ActiveCfg = Debug|Any CPU
		{56BA741D-6AF1-489B-AB00-338DE11B1D32}.Debug|Any CPU.Build.0 = Debug|Any CPU
		{56BA741D-6AF1-489B-AB00-338DE11B1D32}.Debug|ARM64.ActiveCfg = Debug|Any CPU
		{56BA741D-6AF1-489B-AB00-338DE11B1D32}.Debug|ARM64.Build.0 = Debug|Any CPU
		{56BA741D-6AF1-489B-AB00-338DE11B1D32}.Debug|x64.ActiveCfg = Debug|Any CPU
		{56BA741D-6AF1-489B-AB00-338DE11B1D32}.Debug|x64.Build.0 = Debug|Any CPU
		{56BA741D-6AF1-489B-AB00-338DE11B1D32}.Debug|x86.ActiveCfg = Debug|Any CPU
		{56BA741D-6AF1-489B-AB00-338DE11B1D32}.Debug|x86.Build.0 = Debug|Any CPU
		{56BA741D-6AF1-489B-AB00-338DE11B1D32}.Release_VK|Any CPU.ActiveCfg = Release|Any CPU
		{56BA741D-6AF1-489B-AB00-338DE11B1D32}.Release_VK|Any CPU.Build.0 = Release|Any CPU
		{56BA741D-6AF1-489B-AB00-338DE11B1D32}.Release_VK|ARM64.ActiveCfg = Release|Any CPU
		{56BA741D-6AF1-489B-AB00-338DE11B1D32}.Release_VK|ARM64.Build.0 = Release|Any CPU
		{56BA741D-6AF1-489B-AB00-338DE11B1D32}.Release_VK|x64.ActiveCfg = Release|Any CPU
		{56BA741D-6AF1-489B-AB00-338DE11B1D32}.Release_VK|x64.Build.0 = Release|Any CPU
		{56BA741D-6AF1-489B-AB00-338DE11B1D32}.Release_VK|x86.ActiveCfg = Release_VK|Any CPU
		{56BA741D-6AF1-489B-AB00-338DE11B1D32}.Release_VK|x86.Build.0 = Release_VK|Any CPU
		{56BA741D-6AF1-489B-AB00-338DE11B1D32}.Release|Any CPU.ActiveCfg = Release|Any CPU
		{56BA741D-6AF1-489B-AB00-338DE11B1D32}.Release|Any CPU.Build.0 = Release|Any CPU
		{56BA741D-6AF1-489B-AB00-338DE11B1D32}.Release|ARM64.ActiveCfg = Release|Any CPU
		{56BA741D-6AF1-489B-AB00-338DE11B1D32}.Release|ARM64.Build.0 = Release|Any CPU
		{56BA741D-6AF1-489B-AB00-338DE11B1D32}.Release|x64.ActiveCfg = Release|Any CPU
		{56BA741D-6AF1-489B-AB00-338DE11B1D32}.Release|x64.Build.0 = Release|Any CPU
		{56BA741D-6AF1-489B-AB00-338DE11B1D32}.Release|x86.ActiveCfg = Release|Any CPU
		{56BA741D-6AF1-489B-AB00-338DE11B1D32}.Release|x86.Build.0 = Release|Any CPU
		{74F12E34-D96B-4EC1-A218-BAFC83DC6220}.Debug_VK|Any CPU.ActiveCfg = Debug|Any CPU
		{74F12E34-D96B-4EC1-A218-BAFC83DC6220}.Debug_VK|Any CPU.Build.0 = Debug|Any CPU
		{74F12E34-D96B-4EC1-A218-BAFC83DC6220}.Debug_VK|ARM64.ActiveCfg = Debug|ARM64
		{74F12E34-D96B-4EC1-A218-BAFC83DC6220}.Debug_VK|ARM64.Build.0 = Debug|ARM64
		{74F12E34-D96B-4EC1-A218-BAFC83DC6220}.Debug_VK|x64.ActiveCfg = Debug|Any CPU
		{74F12E34-D96B-4EC1-A218-BAFC83DC6220}.Debug_VK|x64.Build.0 = Debug|Any CPU
		{74F12E34-D96B-4EC1-A218-BAFC83DC6220}.Debug_VK|x86.ActiveCfg = Debug_VK|Any CPU
		{74F12E34-D96B-4EC1-A218-BAFC83DC6220}.Debug_VK|x86.Build.0 = Debug_VK|Any CPU
		{74F12E34-D96B-4EC1-A218-BAFC83DC6220}.Debug|Any CPU.ActiveCfg = Debug|Any CPU
		{74F12E34-D96B-4EC1-A218-BAFC83DC6220}.Debug|Any CPU.Build.0 = Debug|Any CPU
		{74F12E34-D96B-4EC1-A218-BAFC83DC6220}.Debug|ARM64.ActiveCfg = Debug|Any CPU
		{74F12E34-D96B-4EC1-A218-BAFC83DC6220}.Debug|ARM64.Build.0 = Debug|Any CPU
		{74F12E34-D96B-4EC1-A218-BAFC83DC6220}.Debug|x64.ActiveCfg = Debug|Any CPU
		{74F12E34-D96B-4EC1-A218-BAFC83DC6220}.Debug|x64.Build.0 = Debug|Any CPU
		{74F12E34-D96B-4EC1-A218-BAFC83DC6220}.Debug|x86.ActiveCfg = Debug|Any CPU
		{74F12E34-D96B-4EC1-A218-BAFC83DC6220}.Debug|x86.Build.0 = Debug|Any CPU
		{74F12E34-D96B-4EC1-A218-BAFC83DC6220}.Release_VK|Any CPU.ActiveCfg = Release|Any CPU
		{74F12E34-D96B-4EC1-A218-BAFC83DC6220}.Release_VK|Any CPU.Build.0 = Release|Any CPU
		{74F12E34-D96B-4EC1-A218-BAFC83DC6220}.Release_VK|ARM64.ActiveCfg = Release|ARM64
		{74F12E34-D96B-4EC1-A218-BAFC83DC6220}.Release_VK|ARM64.Build.0 = Release|ARM64
		{74F12E34-D96B-4EC1-A218-BAFC83DC6220}.Release_VK|x64.ActiveCfg = Release|Any CPU
		{74F12E34-D96B-4EC1-A218-BAFC83DC6220}.Release_VK|x64.Build.0 = Release|Any CPU
		{74F12E34-D96B-4EC1-A218-BAFC83DC6220}.Release_VK|x86.ActiveCfg = Release_VK|Any CPU
		{74F12E34-D96B-4EC1-A218-BAFC83DC6220}.Release_VK|x86.Build.0 = Release_VK|Any CPU
		{74F12E34-D96B-4EC1-A218-BAFC83DC6220}.Release|Any CPU.ActiveCfg = Release|Any CPU
		{74F12E34-D96B-4EC1-A218-BAFC83DC6220}.Release|Any CPU.Build.0 = Release|Any CPU
		{74F12E34-D96B-4EC1-A218-BAFC83DC6220}.Release|ARM64.ActiveCfg = Release|ARM64
		{74F12E34-D96B-4EC1-A218-BAFC83DC6220}.Release|ARM64.Build.0 = Release|ARM64
		{74F12E34-D96B-4EC1-A218-BAFC83DC6220}.Release|x64.ActiveCfg = Release|Any CPU
		{74F12E34-D96B-4EC1-A218-BAFC83DC6220}.Release|x64.Build.0 = Release|Any CPU
		{74F12E34-D96B-4EC1-A218-BAFC83DC6220}.Release|x86.ActiveCfg = Release|Any CPU
		{74F12E34-D96B-4EC1-A218-BAFC83DC6220}.Release|x86.Build.0 = Release|Any CPU
		{C670BF60-56F7-493F-B5DD-50F97DB80A04}.Debug_VK|Any CPU.ActiveCfg = Debug|Any CPU
		{C670BF60-56F7-493F-B5DD-50F97DB80A04}.Debug_VK|Any CPU.Build.0 = Debug|Any CPU
		{C670BF60-56F7-493F-B5DD-50F97DB80A04}.Debug_VK|ARM64.ActiveCfg = Debug|ARM64
		{C670BF60-56F7-493F-B5DD-50F97DB80A04}.Debug_VK|ARM64.Build.0 = Debug|ARM64
		{C670BF60-56F7-493F-B5DD-50F97DB80A04}.Debug_VK|x64.ActiveCfg = Debug|Any CPU
		{C670BF60-56F7-493F-B5DD-50F97DB80A04}.Debug_VK|x64.Build.0 = Debug|Any CPU
		{C670BF60-56F7-493F-B5DD-50F97DB80A04}.Debug_VK|x86.ActiveCfg = Debug_VK|Any CPU
		{C670BF60-56F7-493F-B5DD-50F97DB80A04}.Debug_VK|x86.Build.0 = Debug_VK|Any CPU
		{C670BF60-56F7-493F-B5DD-50F97DB80A04}.Debug|Any CPU.ActiveCfg = Debug|Any CPU
		{C670BF60-56F7-493F-B5DD-50F97DB80A04}.Debug|Any CPU.Build.0 = Debug|Any CPU
		{C670BF60-56F7-493F-B5DD-50F97DB80A04}.Debug|ARM64.ActiveCfg = Debug|Any CPU
		{C670BF60-56F7-493F-B5DD-50F97DB80A04}.Debug|ARM64.Build.0 = Debug|Any CPU
		{C670BF60-56F7-493F-B5DD-50F97DB80A04}.Debug|x64.ActiveCfg = Debug|Any CPU
		{C670BF60-56F7-493F-B5DD-50F97DB80A04}.Debug|x64.Build.0 = Debug|Any CPU
		{C670BF60-56F7-493F-B5DD-50F97DB80A04}.Debug|x86.ActiveCfg = Debug|Any CPU
		{C670BF60-56F7-493F-B5DD-50F97DB80A04}.Debug|x86.Build.0 = Debug|Any CPU
		{C670BF60-56F7-493F-B5DD-50F97DB80A04}.Release_VK|Any CPU.ActiveCfg = Release|Any CPU
		{C670BF60-56F7-493F-B5DD-50F97DB80A04}.Release_VK|Any CPU.Build.0 = Release|Any CPU
		{C670BF60-56F7-493F-B5DD-50F97DB80A04}.Release_VK|ARM64.ActiveCfg = Release|ARM64
		{C670BF60-56F7-493F-B5DD-50F97DB80A04}.Release_VK|ARM64.Build.0 = Release|ARM64
		{C670BF60-56F7-493F-B5DD-50F97DB80A04}.Release_VK|x64.ActiveCfg = Release|Any CPU
		{C670BF60-56F7-493F-B5DD-50F97DB80A04}.Release_VK|x64.Build.0 = Release|Any CPU
		{C670BF60-56F7-493F-B5DD-50F97DB80A04}.Release_VK|x86.ActiveCfg = Release_VK|Any CPU
		{C670BF60-56F7-493F-B5DD-50F97DB80A04}.Release_VK|x86.Build.0 = Release_VK|Any CPU
		{C670BF60-56F7-493F-B5DD-50F97DB80A04}.Release|Any CPU.ActiveCfg = Release|Any CPU
		{C670BF60-56F7-493F-B5DD-50F97DB80A04}.Release|Any CPU.Build.0 = Release|Any CPU
		{C670BF60-56F7-493F-B5DD-50F97DB80A04}.Release|ARM64.ActiveCfg = Release|ARM64
		{C670BF60-56F7-493F-B5DD-50F97DB80A04}.Release|ARM64.Build.0 = Release|ARM64
		{C670BF60-56F7-493F-B5DD-50F97DB80A04}.Release|x64.ActiveCfg = Release|Any CPU
		{C670BF60-56F7-493F-B5DD-50F97DB80A04}.Release|x64.Build.0 = Release|Any CPU
		{C670BF60-56F7-493F-B5DD-50F97DB80A04}.Release|x86.ActiveCfg = Release|Any CPU
		{C670BF60-56F7-493F-B5DD-50F97DB80A04}.Release|x86.Build.0 = Release|Any CPU
		{60D6243F-CC40-D9B5-157F-8A5B8128B70A}.Debug_VK|Any CPU.ActiveCfg = Debug|x64
		{60D6243F-CC40-D9B5-157F-8A5B8128B70A}.Debug_VK|Any CPU.Build.0 = Debug|x64
		{60D6243F-CC40-D9B5-157F-8A5B8128B70A}.Debug_VK|ARM64.ActiveCfg = Debug|ARM64
		{60D6243F-CC40-D9B5-157F-8A5B8128B70A}.Debug_VK|ARM64.Build.0 = Debug|ARM64
		{60D6243F-CC40-D9B5-157F-8A5B8128B70A}.Debug_VK|x64.ActiveCfg = Debug|x64
		{60D6243F-CC40-D9B5-157F-8A5B8128B70A}.Debug_VK|x64.Build.0 = Debug|x64
		{60D6243F-CC40-D9B5-157F-8A5B8128B70A}.Debug_VK|x86.ActiveCfg = Debug_VK|Win32
		{60D6243F-CC40-D9B5-157F-8A5B8128B70A}.Debug_VK|x86.Build.0 = Debug_VK|Win32
		{60D6243F-CC40-D9B5-157F-8A5B8128B70A}.Debug|Any CPU.ActiveCfg = Debug|x64
		{60D6243F-CC40-D9B5-157F-8A5B8128B70A}.Debug|Any CPU.Build.0 = Debug|x64
		{60D6243F-CC40-D9B5-157F-8A5B8128B70A}.Debug|ARM64.ActiveCfg = Debug|ARM64
		{60D6243F-CC40-D9B5-157F-8A5B8128B70A}.Debug|ARM64.Build.0 = Debug|ARM64
		{60D6243F-CC40-D9B5-157F-8A5B8128B70A}.Debug|x64.ActiveCfg = Debug|x64
		{60D6243F-CC40-D9B5-157F-8A5B8128B70A}.Debug|x64.Build.0 = Debug|x64
		{60D6243F-CC40-D9B5-157F-8A5B8128B70A}.Debug|x86.ActiveCfg = Debug|Win32
		{60D6243F-CC40-D9B5-157F-8A5B8128B70A}.Debug|x86.Build.0 = Debug|Win32
		{60D6243F-CC40-D9B5-157F-8A5B8128B70A}.Release_VK|Any CPU.ActiveCfg = Release|x64
		{60D6243F-CC40-D9B5-157F-8A5B8128B70A}.Release_VK|Any CPU.Build.0 = Release|x64
		{60D6243F-CC40-D9B5-157F-8A5B8128B70A}.Release_VK|ARM64.ActiveCfg = Release|ARM64
		{60D6243F-CC40-D9B5-157F-8A5B8128B70A}.Release_VK|ARM64.Build.0 = Release|ARM64
		{60D6243F-CC40-D9B5-157F-8A5B8128B70A}.Release_VK|x64.ActiveCfg = Release|x64
		{60D6243F-CC40-D9B5-157F-8A5B8128B70A}.Release_VK|x64.Build.0 = Release|x64
		{60D6243F-CC40-D9B5-157F-8A5B8128B70A}.Release_VK|x86.ActiveCfg = Release_VK|Win32
		{60D6243F-CC40-D9B5-157F-8A5B8128B70A}.Release_VK|x86.Build.0 = Release_VK|Win32
		{60D6243F-CC40-D9B5-157F-8A5B8128B70A}.Release|Any CPU.ActiveCfg = Release|x64
		{60D6243F-CC40-D9B5-157F-8A5B8128B70A}.Release|Any CPU.Build.0 = Release|x64
		{60D6243F-CC40-D9B5-157F-8A5B8128B70A}.Release|ARM64.ActiveCfg = Release|ARM64
		{60D6243F-CC40-D9B5-157F-8A5B8128B70A}.Release|ARM64.Build.0 = Release|ARM64
		{60D6243F-CC40-D9B5-157F-8A5B8128B70A}.Release|x64.ActiveCfg = Release|x64
		{60D6243F-CC40-D9B5-157F-8A5B8128B70A}.Release|x64.Build.0 = Release|x64
		{60D6243F-CC40-D9B5-157F-8A5B8128B70A}.Release|x86.ActiveCfg = Release|Win32
		{60D6243F-CC40-D9B5-157F-8A5B8128B70A}.Release|x86.Build.0 = Release|Win32
		{CC33DB03-389E-8F7A-81DC-4020ED856DCF}.Debug_VK|Any CPU.ActiveCfg = Debug|x64
		{CC33DB03-389E-8F7A-81DC-4020ED856DCF}.Debug_VK|ARM64.ActiveCfg = Debug|ARM64
		{CC33DB03-389E-8F7A-81DC-4020ED856DCF}.Debug_VK|ARM64.Build.0 = Debug|ARM64
		{CC33DB03-389E-8F7A-81DC-4020ED856DCF}.Debug_VK|x64.ActiveCfg = Debug|x64
		{CC33DB03-389E-8F7A-81DC-4020ED856DCF}.Debug_VK|x64.Build.0 = Debug|x64
		{CC33DB03-389E-8F7A-81DC-4020ED856DCF}.Debug_VK|x86.ActiveCfg = Debug_VK|Win32
		{CC33DB03-389E-8F7A-81DC-4020ED856DCF}.Debug_VK|x86.Build.0 = Debug_VK|Win32
		{CC33DB03-389E-8F7A-81DC-4020ED856DCF}.Debug|Any CPU.ActiveCfg = Debug|x64
		{CC33DB03-389E-8F7A-81DC-4020ED856DCF}.Debug|Any CPU.Build.0 = Debug|x64
		{CC33DB03-389E-8F7A-81DC-4020ED856DCF}.Debug|ARM64.ActiveCfg = Debug|ARM64
		{CC33DB03-389E-8F7A-81DC-4020ED856DCF}.Debug|ARM64.Build.0 = Debug|ARM64
		{CC33DB03-389E-8F7A-81DC-4020ED856DCF}.Debug|x64.ActiveCfg = Debug|x64
		{CC33DB03-389E-8F7A-81DC-4020ED856DCF}.Debug|x64.Build.0 = Debug|x64
		{CC33DB03-389E-8F7A-81DC-4020ED856DCF}.Debug|x86.ActiveCfg = Debug|Win32
		{CC33DB03-389E-8F7A-81DC-4020ED856DCF}.Debug|x86.Build.0 = Debug|Win32
		{CC33DB03-389E-8F7A-81DC-4020ED856DCF}.Release_VK|Any CPU.ActiveCfg = Release|x64
		{CC33DB03-389E-8F7A-81DC-4020ED856DCF}.Release_VK|Any CPU.Build.0 = Release|x64
		{CC33DB03-389E-8F7A-81DC-4020ED856DCF}.Release_VK|ARM64.ActiveCfg = Release|ARM64
		{CC33DB03-389E-8F7A-81DC-4020ED856DCF}.Release_VK|ARM64.Build.0 = Release|ARM64
		{CC33DB03-389E-8F7A-81DC-4020ED856DCF}.Release_VK|x64.ActiveCfg = Release|x64
		{CC33DB03-389E-8F7A-81DC-4020ED856DCF}.Release_VK|x64.Build.0 = Release|x64
		{CC33DB03-389E-8F7A-81DC-4020ED856DCF}.Release_VK|x86.ActiveCfg = Release_VK|Win32
		{CC33DB03-389E-8F7A-81DC-4020ED856DCF}.Release_VK|x86.Build.0 = Release_VK|Win32
		{CC33DB03-389E-8F7A-81DC-4020ED856DCF}.Release|Any CPU.ActiveCfg = Release|x64
		{CC33DB03-389E-8F7A-81DC-4020ED856DCF}.Release|Any CPU.Build.0 = Release|x64
		{CC33DB03-389E-8F7A-81DC-4020ED856DCF}.Release|ARM64.ActiveCfg = Release|ARM64
		{CC33DB03-389E-8F7A-81DC-4020ED856DCF}.Release|ARM64.Build.0 = Release|ARM64
		{CC33DB03-389E-8F7A-81DC-4020ED856DCF}.Release|x64.ActiveCfg = Release|x64
		{CC33DB03-389E-8F7A-81DC-4020ED856DCF}.Release|x64.Build.0 = Release|x64
		{CC33DB03-389E-8F7A-81DC-4020ED856DCF}.Release|x86.ActiveCfg = Release|Win32
		{CC33DB03-389E-8F7A-81DC-4020ED856DCF}.Release|x86.Build.0 = Release|Win32
		{DED1AF6C-E641-F89A-7E42-9A6DD07424A5}.Debug_VK|Any CPU.ActiveCfg = Debug|Any CPU
		{DED1AF6C-E641-F89A-7E42-9A6DD07424A5}.Debug_VK|Any CPU.Build.0 = Debug|Any CPU
		{DED1AF6C-E641-F89A-7E42-9A6DD07424A5}.Debug_VK|ARM64.ActiveCfg = Debug|ARM64
		{DED1AF6C-E641-F89A-7E42-9A6DD07424A5}.Debug_VK|ARM64.Build.0 = Debug|ARM64
		{DED1AF6C-E641-F89A-7E42-9A6DD07424A5}.Debug_VK|x64.ActiveCfg = Debug|x64
		{DED1AF6C-E641-F89A-7E42-9A6DD07424A5}.Debug_VK|x64.Build.0 = Debug|x64
		{DED1AF6C-E641-F89A-7E42-9A6DD07424A5}.Debug_VK|x86.ActiveCfg = Debug_VK|Any CPU
		{DED1AF6C-E641-F89A-7E42-9A6DD07424A5}.Debug_VK|x86.Build.0 = Debug_VK|Any CPU
		{DED1AF6C-E641-F89A-7E42-9A6DD07424A5}.Debug|Any CPU.ActiveCfg = Debug|Any CPU
		{DED1AF6C-E641-F89A-7E42-9A6DD07424A5}.Debug|Any CPU.Build.0 = Debug|Any CPU
		{DED1AF6C-E641-F89A-7E42-9A6DD07424A5}.Debug|ARM64.ActiveCfg = Debug|ARM64
		{DED1AF6C-E641-F89A-7E42-9A6DD07424A5}.Debug|ARM64.Build.0 = Debug|ARM64
		{DED1AF6C-E641-F89A-7E42-9A6DD07424A5}.Debug|x64.ActiveCfg = Debug|x64
		{DED1AF6C-E641-F89A-7E42-9A6DD07424A5}.Debug|x64.Build.0 = Debug|x64
		{DED1AF6C-E641-F89A-7E42-9A6DD07424A5}.Debug|x86.ActiveCfg = Debug|Any CPU
		{DED1AF6C-E641-F89A-7E42-9A6DD07424A5}.Debug|x86.Build.0 = Debug|Any CPU
		{DED1AF6C-E641-F89A-7E42-9A6DD07424A5}.Release_VK|Any CPU.ActiveCfg = Release|Any CPU
		{DED1AF6C-E641-F89A-7E42-9A6DD07424A5}.Release_VK|Any CPU.Build.0 = Release|Any CPU
		{DED1AF6C-E641-F89A-7E42-9A6DD07424A5}.Release_VK|ARM64.ActiveCfg = Release|ARM64
		{DED1AF6C-E641-F89A-7E42-9A6DD07424A5}.Release_VK|ARM64.Build.0 = Release|ARM64
		{DED1AF6C-E641-F89A-7E42-9A6DD07424A5}.Release_VK|x64.ActiveCfg = Release|x64
		{DED1AF6C-E641-F89A-7E42-9A6DD07424A5}.Release_VK|x64.Build.0 = Release|x64
		{DED1AF6C-E641-F89A-7E42-9A6DD07424A5}.Release_VK|x86.ActiveCfg = Release_VK|Any CPU
		{DED1AF6C-E641-F89A-7E42-9A6DD07424A5}.Release_VK|x86.Build.0 = Release_VK|Any CPU
		{DED1AF6C-E641-F89A-7E42-9A6DD07424A5}.Release|Any CPU.ActiveCfg = Release|Any CPU
		{DED1AF6C-E641-F89A-7E42-9A6DD07424A5}.Release|Any CPU.Build.0 = Release|Any CPU
		{DED1AF6C-E641-F89A-7E42-9A6DD07424A5}.Release|ARM64.ActiveCfg = Release|ARM64
		{DED1AF6C-E641-F89A-7E42-9A6DD07424A5}.Release|ARM64.Build.0 = Release|ARM64
		{DED1AF6C-E641-F89A-7E42-9A6DD07424A5}.Release|x64.ActiveCfg = Release|x64
		{DED1AF6C-E641-F89A-7E42-9A6DD07424A5}.Release|x64.Build.0 = Release|x64
		{DED1AF6C-E641-F89A-7E42-9A6DD07424A5}.Release|x86.ActiveCfg = Release|Any CPU
		{DED1AF6C-E641-F89A-7E42-9A6DD07424A5}.Release|x86.Build.0 = Release|Any CPU
		{701E91A7-8A33-47BE-A173-A0006294AEF9}.Debug_VK|Any CPU.ActiveCfg = Debug|Any CPU
		{701E91A7-8A33-47BE-A173-A0006294AEF9}.Debug_VK|Any CPU.Build.0 = Debug|Any CPU
		{701E91A7-8A33-47BE-A173-A0006294AEF9}.Debug_VK|ARM64.ActiveCfg = Debug|ARM64
		{701E91A7-8A33-47BE-A173-A0006294AEF9}.Debug_VK|ARM64.Build.0 = Debug|ARM64
		{701E91A7-8A33-47BE-A173-A0006294AEF9}.Debug_VK|x64.ActiveCfg = Debug|x64
		{701E91A7-8A33-47BE-A173-A0006294AEF9}.Debug_VK|x64.Build.0 = Debug|x64
		{701E91A7-8A33-47BE-A173-A0006294AEF9}.Debug_VK|x86.ActiveCfg = Debug|Any CPU
		{701E91A7-8A33-47BE-A173-A0006294AEF9}.Debug_VK|x86.Build.0 = Debug|Any CPU
		{701E91A7-8A33-47BE-A173-A0006294AEF9}.Debug|Any CPU.ActiveCfg = Debug|Any CPU
		{701E91A7-8A33-47BE-A173-A0006294AEF9}.Debug|Any CPU.Build.0 = Debug|Any CPU
		{701E91A7-8A33-47BE-A173-A0006294AEF9}.Debug|ARM64.ActiveCfg = Debug|ARM64
		{701E91A7-8A33-47BE-A173-A0006294AEF9}.Debug|ARM64.Build.0 = Debug|ARM64
		{701E91A7-8A33-47BE-A173-A0006294AEF9}.Debug|x64.ActiveCfg = Debug|x64
		{701E91A7-8A33-47BE-A173-A0006294AEF9}.Debug|x64.Build.0 = Debug|x64
		{701E91A7-8A33-47BE-A173-A0006294AEF9}.Debug|x86.ActiveCfg = Debug|Any CPU
		{701E91A7-8A33-47BE-A173-A0006294AEF9}.Debug|x86.Build.0 = Debug|Any CPU
		{701E91A7-8A33-47BE-A173-A0006294AEF9}.Release_VK|Any CPU.ActiveCfg = Debug|Any CPU
		{701E91A7-8A33-47BE-A173-A0006294AEF9}.Release_VK|Any CPU.Build.0 = Debug|Any CPU
		{701E91A7-8A33-47BE-A173-A0006294AEF9}.Release_VK|ARM64.ActiveCfg = Debug|ARM64
		{701E91A7-8A33-47BE-A173-A0006294AEF9}.Release_VK|ARM64.Build.0 = Debug|ARM64
		{701E91A7-8A33-47BE-A173-A0006294AEF9}.Release_VK|x64.ActiveCfg = Debug|x64
		{701E91A7-8A33-47BE-A173-A0006294AEF9}.Release_VK|x64.Build.0 = Debug|x64
		{701E91A7-8A33-47BE-A173-A0006294AEF9}.Release_VK|x86.ActiveCfg = Debug|Any CPU
		{701E91A7-8A33-47BE-A173-A0006294AEF9}.Release_VK|x86.Build.0 = Debug|Any CPU
		{701E91A7-8A33-47BE-A173-A0006294AEF9}.Release|Any CPU.ActiveCfg = Release|Any CPU
		{701E91A7-8A33-47BE-A173-A0006294AEF9}.Release|Any CPU.Build.0 = Release|Any CPU
		{701E91A7-8A33-47BE-A173-A0006294AEF9}.Release|ARM64.ActiveCfg = Release|ARM64
		{701E91A7-8A33-47BE-A173-A0006294AEF9}.Release|ARM64.Build.0 = Release|ARM64
		{701E91A7-8A33-47BE-A173-A0006294AEF9}.Release|x64.ActiveCfg = Release|x64
		{701E91A7-8A33-47BE-A173-A0006294AEF9}.Release|x64.Build.0 = Release|x64
		{701E91A7-8A33-47BE-A173-A0006294AEF9}.Release|x86.ActiveCfg = Release|Any CPU
		{701E91A7-8A33-47BE-A173-A0006294AEF9}.Release|x86.Build.0 = Release|Any CPU
		{0063428D-1F0E-4AFC-93CD-B90E457557BE}.Debug_VK|Any CPU.ActiveCfg = Debug|Any CPU
		{0063428D-1F0E-4AFC-93CD-B90E457557BE}.Debug_VK|Any CPU.Build.0 = Debug|Any CPU
		{0063428D-1F0E-4AFC-93CD-B90E457557BE}.Debug_VK|ARM64.ActiveCfg = Debug|Any CPU
		{0063428D-1F0E-4AFC-93CD-B90E457557BE}.Debug_VK|ARM64.Build.0 = Debug|Any CPU
		{0063428D-1F0E-4AFC-93CD-B90E457557BE}.Debug_VK|x64.ActiveCfg = Debug|Any CPU
		{0063428D-1F0E-4AFC-93CD-B90E457557BE}.Debug_VK|x64.Build.0 = Debug|Any CPU
		{0063428D-1F0E-4AFC-93CD-B90E457557BE}.Debug_VK|x86.ActiveCfg = Debug|Any CPU
		{0063428D-1F0E-4AFC-93CD-B90E457557BE}.Debug_VK|x86.Build.0 = Debug|Any CPU
		{0063428D-1F0E-4AFC-93CD-B90E457557BE}.Debug|Any CPU.ActiveCfg = Debug|Any CPU
		{0063428D-1F0E-4AFC-93CD-B90E457557BE}.Debug|Any CPU.Build.0 = Debug|Any CPU
		{0063428D-1F0E-4AFC-93CD-B90E457557BE}.Debug|ARM64.ActiveCfg = Debug|Any CPU
		{0063428D-1F0E-4AFC-93CD-B90E457557BE}.Debug|ARM64.Build.0 = Debug|Any CPU
		{0063428D-1F0E-4AFC-93CD-B90E457557BE}.Debug|x64.ActiveCfg = Debug|Any CPU
		{0063428D-1F0E-4AFC-93CD-B90E457557BE}.Debug|x64.Build.0 = Debug|Any CPU
		{0063428D-1F0E-4AFC-93CD-B90E457557BE}.Debug|x86.ActiveCfg = Debug|Any CPU
		{0063428D-1F0E-4AFC-93CD-B90E457557BE}.Debug|x86.Build.0 = Debug|Any CPU
		{0063428D-1F0E-4AFC-93CD-B90E457557BE}.Release_VK|Any CPU.ActiveCfg = Debug|Any CPU
		{0063428D-1F0E-4AFC-93CD-B90E457557BE}.Release_VK|Any CPU.Build.0 = Debug|Any CPU
		{0063428D-1F0E-4AFC-93CD-B90E457557BE}.Release_VK|ARM64.ActiveCfg = Debug|Any CPU
		{0063428D-1F0E-4AFC-93CD-B90E457557BE}.Release_VK|ARM64.Build.0 = Debug|Any CPU
		{0063428D-1F0E-4AFC-93CD-B90E457557BE}.Release_VK|x64.ActiveCfg = Debug|Any CPU
		{0063428D-1F0E-4AFC-93CD-B90E457557BE}.Release_VK|x64.Build.0 = Debug|Any CPU
		{0063428D-1F0E-4AFC-93CD-B90E457557BE}.Release_VK|x86.ActiveCfg = Debug|Any CPU
		{0063428D-1F0E-4AFC-93CD-B90E457557BE}.Release_VK|x86.Build.0 = Debug|Any CPU
		{0063428D-1F0E-4AFC-93CD-B90E457557BE}.Release|Any CPU.ActiveCfg = Release|Any CPU
		{0063428D-1F0E-4AFC-93CD-B90E457557BE}.Release|Any CPU.Build.0 = Release|Any CPU
		{0063428D-1F0E-4AFC-93CD-B90E457557BE}.Release|ARM64.ActiveCfg = Release|Any CPU
		{0063428D-1F0E-4AFC-93CD-B90E457557BE}.Release|ARM64.Build.0 = Release|Any CPU
		{0063428D-1F0E-4AFC-93CD-B90E457557BE}.Release|x64.ActiveCfg = Release|Any CPU
		{0063428D-1F0E-4AFC-93CD-B90E457557BE}.Release|x64.Build.0 = Release|Any CPU
		{0063428D-1F0E-4AFC-93CD-B90E457557BE}.Release|x86.ActiveCfg = Release|Any CPU
		{0063428D-1F0E-4AFC-93CD-B90E457557BE}.Release|x86.Build.0 = Release|Any CPU
		{B3ED445C-AE01-4B3B-A9C9-7E7F2D347878}.Debug_VK|Any CPU.ActiveCfg = Debug|Any CPU
		{B3ED445C-AE01-4B3B-A9C9-7E7F2D347878}.Debug_VK|Any CPU.Build.0 = Debug|Any CPU
		{B3ED445C-AE01-4B3B-A9C9-7E7F2D347878}.Debug_VK|ARM64.ActiveCfg = Debug|Any CPU
		{B3ED445C-AE01-4B3B-A9C9-7E7F2D347878}.Debug_VK|ARM64.Build.0 = Debug|Any CPU
		{B3ED445C-AE01-4B3B-A9C9-7E7F2D347878}.Debug_VK|x64.ActiveCfg = Debug|Any CPU
		{B3ED445C-AE01-4B3B-A9C9-7E7F2D347878}.Debug_VK|x64.Build.0 = Debug|Any CPU
		{B3ED445C-AE01-4B3B-A9C9-7E7F2D347878}.Debug_VK|x86.ActiveCfg = Debug|Any CPU
		{B3ED445C-AE01-4B3B-A9C9-7E7F2D347878}.Debug_VK|x86.Build.0 = Debug|Any CPU
		{B3ED445C-AE01-4B3B-A9C9-7E7F2D347878}.Debug|Any CPU.ActiveCfg = Debug|Any CPU
		{B3ED445C-AE01-4B3B-A9C9-7E7F2D347878}.Debug|Any CPU.Build.0 = Debug|Any CPU
		{B3ED445C-AE01-4B3B-A9C9-7E7F2D347878}.Debug|ARM64.ActiveCfg = Debug|Any CPU
		{B3ED445C-AE01-4B3B-A9C9-7E7F2D347878}.Debug|ARM64.Build.0 = Debug|Any CPU
		{B3ED445C-AE01-4B3B-A9C9-7E7F2D347878}.Debug|x64.ActiveCfg = Debug|Any CPU
		{B3ED445C-AE01-4B3B-A9C9-7E7F2D347878}.Debug|x64.Build.0 = Debug|Any CPU
		{B3ED445C-AE01-4B3B-A9C9-7E7F2D347878}.Debug|x86.ActiveCfg = Debug|Any CPU
		{B3ED445C-AE01-4B3B-A9C9-7E7F2D347878}.Debug|x86.Build.0 = Debug|Any CPU
		{B3ED445C-AE01-4B3B-A9C9-7E7F2D347878}.Release_VK|Any CPU.ActiveCfg = Debug|Any CPU
		{B3ED445C-AE01-4B3B-A9C9-7E7F2D347878}.Release_VK|Any CPU.Build.0 = Debug|Any CPU
		{B3ED445C-AE01-4B3B-A9C9-7E7F2D347878}.Release_VK|ARM64.ActiveCfg = Debug|Any CPU
		{B3ED445C-AE01-4B3B-A9C9-7E7F2D347878}.Release_VK|ARM64.Build.0 = Debug|Any CPU
		{B3ED445C-AE01-4B3B-A9C9-7E7F2D347878}.Release_VK|x64.ActiveCfg = Debug|Any CPU
		{B3ED445C-AE01-4B3B-A9C9-7E7F2D347878}.Release_VK|x64.Build.0 = Debug|Any CPU
		{B3ED445C-AE01-4B3B-A9C9-7E7F2D347878}.Release_VK|x86.ActiveCfg = Debug|Any CPU
		{B3ED445C-AE01-4B3B-A9C9-7E7F2D347878}.Release_VK|x86.Build.0 = Debug|Any CPU
		{B3ED445C-AE01-4B3B-A9C9-7E7F2D347878}.Release|Any CPU.ActiveCfg = Release|Any CPU
		{B3ED445C-AE01-4B3B-A9C9-7E7F2D347878}.Release|Any CPU.Build.0 = Release|Any CPU
		{B3ED445C-AE01-4B3B-A9C9-7E7F2D347878}.Release|ARM64.ActiveCfg = Release|Any CPU
		{B3ED445C-AE01-4B3B-A9C9-7E7F2D347878}.Release|ARM64.Build.0 = Release|Any CPU
		{B3ED445C-AE01-4B3B-A9C9-7E7F2D347878}.Release|x64.ActiveCfg = Release|Any CPU
		{B3ED445C-AE01-4B3B-A9C9-7E7F2D347878}.Release|x64.Build.0 = Release|Any CPU
		{B3ED445C-AE01-4B3B-A9C9-7E7F2D347878}.Release|x86.ActiveCfg = Release|Any CPU
		{B3ED445C-AE01-4B3B-A9C9-7E7F2D347878}.Release|x86.Build.0 = Release|Any CPU
		{C95BFF4C-BEB7-49B5-AED6-AC582BD140F2}.Debug_VK|Any CPU.ActiveCfg = Debug|Any CPU
		{C95BFF4C-BEB7-49B5-AED6-AC582BD140F2}.Debug_VK|Any CPU.Build.0 = Debug|Any CPU
		{C95BFF4C-BEB7-49B5-AED6-AC582BD140F2}.Debug_VK|ARM64.ActiveCfg = Debug|Any CPU
		{C95BFF4C-BEB7-49B5-AED6-AC582BD140F2}.Debug_VK|ARM64.Build.0 = Debug|Any CPU
		{C95BFF4C-BEB7-49B5-AED6-AC582BD140F2}.Debug_VK|x64.ActiveCfg = Debug|Any CPU
		{C95BFF4C-BEB7-49B5-AED6-AC582BD140F2}.Debug_VK|x64.Build.0 = Debug|Any CPU
		{C95BFF4C-BEB7-49B5-AED6-AC582BD140F2}.Debug_VK|x86.ActiveCfg = Debug|Any CPU
		{C95BFF4C-BEB7-49B5-AED6-AC582BD140F2}.Debug_VK|x86.Build.0 = Debug|Any CPU
		{C95BFF4C-BEB7-49B5-AED6-AC582BD140F2}.Debug|Any CPU.ActiveCfg = Debug|Any CPU
		{C95BFF4C-BEB7-49B5-AED6-AC582BD140F2}.Debug|Any CPU.Build.0 = Debug|Any CPU
		{C95BFF4C-BEB7-49B5-AED6-AC582BD140F2}.Debug|ARM64.ActiveCfg = Debug|Any CPU
		{C95BFF4C-BEB7-49B5-AED6-AC582BD140F2}.Debug|ARM64.Build.0 = Debug|Any CPU
		{C95BFF4C-BEB7-49B5-AED6-AC582BD140F2}.Debug|x64.ActiveCfg = Debug|Any CPU
		{C95BFF4C-BEB7-49B5-AED6-AC582BD140F2}.Debug|x64.Build.0 = Debug|Any CPU
		{C95BFF4C-BEB7-49B5-AED6-AC582BD140F2}.Debug|x86.ActiveCfg = Debug|Any CPU
		{C95BFF4C-BEB7-49B5-AED6-AC582BD140F2}.Debug|x86.Build.0 = Debug|Any CPU
		{C95BFF4C-BEB7-49B5-AED6-AC582BD140F2}.Release_VK|Any CPU.ActiveCfg = Debug|Any CPU
		{C95BFF4C-BEB7-49B5-AED6-AC582BD140F2}.Release_VK|Any CPU.Build.0 = Debug|Any CPU
		{C95BFF4C-BEB7-49B5-AED6-AC582BD140F2}.Release_VK|ARM64.ActiveCfg = Debug|Any CPU
		{C95BFF4C-BEB7-49B5-AED6-AC582BD140F2}.Release_VK|ARM64.Build.0 = Debug|Any CPU
		{C95BFF4C-BEB7-49B5-AED6-AC582BD140F2}.Release_VK|x64.ActiveCfg = Debug|Any CPU
		{C95BFF4C-BEB7-49B5-AED6-AC582BD140F2}.Release_VK|x64.Build.0 = Debug|Any CPU
		{C95BFF4C-BEB7-49B5-AED6-AC582BD140F2}.Release_VK|x86.ActiveCfg = Debug|Any CPU
		{C95BFF4C-BEB7-49B5-AED6-AC582BD140F2}.Release_VK|x86.Build.0 = Debug|Any CPU
		{C95BFF4C-BEB7-49B5-AED6-AC582BD140F2}.Release|Any CPU.ActiveCfg = Release|Any CPU
		{C95BFF4C-BEB7-49B5-AED6-AC582BD140F2}.Release|Any CPU.Build.0 = Release|Any CPU
		{C95BFF4C-BEB7-49B5-AED6-AC582BD140F2}.Release|ARM64.ActiveCfg = Release|Any CPU
		{C95BFF4C-BEB7-49B5-AED6-AC582BD140F2}.Release|ARM64.Build.0 = Release|Any CPU
		{C95BFF4C-BEB7-49B5-AED6-AC582BD140F2}.Release|x64.ActiveCfg = Release|Any CPU
		{C95BFF4C-BEB7-49B5-AED6-AC582BD140F2}.Release|x64.Build.0 = Release|Any CPU
		{C95BFF4C-BEB7-49B5-AED6-AC582BD140F2}.Release|x86.ActiveCfg = Release|Any CPU
		{C95BFF4C-BEB7-49B5-AED6-AC582BD140F2}.Release|x86.Build.0 = Release|Any CPU
		{AE167184-E46F-4914-94E0-E56215FE1994}.Debug_VK|Any CPU.ActiveCfg = Debug|Any CPU
		{AE167184-E46F-4914-94E0-E56215FE1994}.Debug_VK|Any CPU.Build.0 = Debug|Any CPU
		{AE167184-E46F-4914-94E0-E56215FE1994}.Debug_VK|ARM64.ActiveCfg = Debug|Any CPU
		{AE167184-E46F-4914-94E0-E56215FE1994}.Debug_VK|ARM64.Build.0 = Debug|Any CPU
		{AE167184-E46F-4914-94E0-E56215FE1994}.Debug_VK|x64.ActiveCfg = Debug|Any CPU
		{AE167184-E46F-4914-94E0-E56215FE1994}.Debug_VK|x64.Build.0 = Debug|Any CPU
		{AE167184-E46F-4914-94E0-E56215FE1994}.Debug_VK|x86.ActiveCfg = Debug|Any CPU
		{AE167184-E46F-4914-94E0-E56215FE1994}.Debug_VK|x86.Build.0 = Debug|Any CPU
		{AE167184-E46F-4914-94E0-E56215FE1994}.Debug|Any CPU.ActiveCfg = Debug|Any CPU
		{AE167184-E46F-4914-94E0-E56215FE1994}.Debug|Any CPU.Build.0 = Debug|Any CPU
		{AE167184-E46F-4914-94E0-E56215FE1994}.Debug|ARM64.ActiveCfg = Debug|Any CPU
		{AE167184-E46F-4914-94E0-E56215FE1994}.Debug|ARM64.Build.0 = Debug|Any CPU
		{AE167184-E46F-4914-94E0-E56215FE1994}.Debug|x64.ActiveCfg = Debug|Any CPU
		{AE167184-E46F-4914-94E0-E56215FE1994}.Debug|x64.Build.0 = Debug|Any CPU
		{AE167184-E46F-4914-94E0-E56215FE1994}.Debug|x86.ActiveCfg = Debug|Any CPU
		{AE167184-E46F-4914-94E0-E56215FE1994}.Debug|x86.Build.0 = Debug|Any CPU
		{AE167184-E46F-4914-94E0-E56215FE1994}.Release_VK|Any CPU.ActiveCfg = Debug|Any CPU
		{AE167184-E46F-4914-94E0-E56215FE1994}.Release_VK|Any CPU.Build.0 = Debug|Any CPU
		{AE167184-E46F-4914-94E0-E56215FE1994}.Release_VK|ARM64.ActiveCfg = Debug|Any CPU
		{AE167184-E46F-4914-94E0-E56215FE1994}.Release_VK|ARM64.Build.0 = Debug|Any CPU
		{AE167184-E46F-4914-94E0-E56215FE1994}.Release_VK|x64.ActiveCfg = Debug|Any CPU
		{AE167184-E46F-4914-94E0-E56215FE1994}.Release_VK|x64.Build.0 = Debug|Any CPU
		{AE167184-E46F-4914-94E0-E56215FE1994}.Release_VK|x86.ActiveCfg = Debug|Any CPU
		{AE167184-E46F-4914-94E0-E56215FE1994}.Release_VK|x86.Build.0 = Debug|Any CPU
		{AE167184-E46F-4914-94E0-E56215FE1994}.Release|Any CPU.ActiveCfg = Release|Any CPU
		{AE167184-E46F-4914-94E0-E56215FE1994}.Release|Any CPU.Build.0 = Release|Any CPU
		{AE167184-E46F-4914-94E0-E56215FE1994}.Release|ARM64.ActiveCfg = Release|Any CPU
		{AE167184-E46F-4914-94E0-E56215FE1994}.Release|ARM64.Build.0 = Release|Any CPU
		{AE167184-E46F-4914-94E0-E56215FE1994}.Release|x64.ActiveCfg = Release|Any CPU
		{AE167184-E46F-4914-94E0-E56215FE1994}.Release|x64.Build.0 = Release|Any CPU
		{AE167184-E46F-4914-94E0-E56215FE1994}.Release|x86.ActiveCfg = Release|Any CPU
		{AE167184-E46F-4914-94E0-E56215FE1994}.Release|x86.Build.0 = Release|Any CPU
	EndGlobalSection
	GlobalSection(SolutionProperties) = preSolution
		HideSolutionNode = FALSE
	EndGlobalSection
	GlobalSection(NestedProjects) = preSolution
		{74F12E34-D96B-4EC1-A218-BAFC83DC6220} = {65B3DC17-24BA-4C39-810F-E371AC48199A}
		{701E91A7-8A33-47BE-A173-A0006294AEF9} = {0AB3BF05-4346-4AA6-1389-037BE0695223}
		{96A393A9-0917-1757-A07B-F8C61A300A0E} = {827E0CD3-B72D-47B6-A68D-7590B98EB39B}
		{0063428D-1F0E-4AFC-93CD-B90E457557BE} = {96A393A9-0917-1757-A07B-F8C61A300A0E}
		{B3ED445C-AE01-4B3B-A9C9-7E7F2D347878} = {96A393A9-0917-1757-A07B-F8C61A300A0E}
		{C95BFF4C-BEB7-49B5-AED6-AC582BD140F2} = {96A393A9-0917-1757-A07B-F8C61A300A0E}
		{AE167184-E46F-4914-94E0-E56215FE1994} = {96A393A9-0917-1757-A07B-F8C61A300A0E}
	EndGlobalSection
	GlobalSection(ExtensibilityGlobals) = postSolution
		SolutionGuid = {CDA9FB22-5A50-47C6-B732-CE09AC673DCA}
	EndGlobalSection
EndGlobal
